PODS:
  - Alamofire (5.4.0)
  - DynamicCodable (1.0)
  - Firebase/CoreOnly (7.3.0):
    - FirebaseCore (= 7.3.0)
  - Firebase/Messaging (7.3.0):
    - Firebase/CoreOnly
    - FirebaseMessaging (~> 7.3.0)
  - FirebaseCore (7.3.0):
    - FirebaseCoreDiagnostics (~> 7.0)
    - GoogleUtilities/Environment (~> 7.0)
    - GoogleUtilities/Logger (~> 7.0)
  - FirebaseCoreDiagnostics (7.3.0):
    - GoogleDataTransport (~> 8.0)
    - GoogleUtilities/Environment (~> 7.0)
    - GoogleUtilities/Logger (~> 7.0)
    - nanopb (~> 2.30906.0)
  - FirebaseInstallations (7.3.0):
    - FirebaseCore (~> 7.0)
    - GoogleUtilities/Environment (~> 7.0)
    - GoogleUtilities/UserDefaults (~> 7.0)
    - PromisesObjC (~> 1.2)
  - FirebaseInstanceID (7.3.0):
    - FirebaseCore (~> 7.0)
    - FirebaseInstallations (~> 7.0)
    - GoogleUtilities/Environment (~> 7.0)
    - GoogleUtilities/UserDefaults (~> 7.0)
  - FirebaseMessaging (7.3.0):
    - FirebaseCore (~> 7.0)
    - FirebaseInstanceID (~> 7.0)
    - GoogleUtilities/AppDelegateSwizzler (~> 7.0)
    - GoogleUtilities/Environment (~> 7.0)
    - GoogleUtilities/Reachability (~> 7.0)
    - GoogleUtilities/UserDefaults (~> 7.0)
  - GoogleDataTransport (8.1.0):
    - nanopb (~> 2.30906.0)
  - GoogleUtilities/AppDelegateSwizzler (7.1.1):
    - GoogleUtilities/Environment
    - GoogleUtilities/Logger
    - GoogleUtilities/Network
  - GoogleUtilities/Environment (7.1.1):
    - PromisesObjC (~> 1.2)
  - GoogleUtilities/Logger (7.1.1):
    - GoogleUtilities/Environment
  - GoogleUtilities/Network (7.1.1):
    - GoogleUtilities/Logger
    - "GoogleUtilities/NSData+zlib"
    - GoogleUtilities/Reachability
  - "GoogleUtilities/NSData+zlib (7.1.1)"
  - GoogleUtilities/Reachability (7.1.1):
    - GoogleUtilities/Logger
  - GoogleUtilities/UserDefaults (7.1.1):
    - GoogleUtilities/Logger
  - KakaoSDKAuth (2.0.4):
    - KakaoSDKCommon (= 2.0.4)
  - KakaoSDKCommon (2.0.4):
    - Alamofire (~> 5.1)
  - KakaoSDKLink (2.0.4):
    - KakaoSDKCommon (= 2.0.4)
    - KakaoSDKTemplate (= 2.0.4)
  - KakaoSDKTalk (2.0.4):
    - KakaoSDKAuth (= 2.0.4)
    - KakaoSDKCommon (= 2.0.4)
    - KakaoSDKTemplate (= 2.0.4)
  - KakaoSDKTemplate (2.0.4):
    - KakaoSDKCommon (= 2.0.4)
  - KakaoSDKUser (2.0.4):
    - KakaoSDKAuth (= 2.0.4)
    - KakaoSDKCommon (= 2.0.4)
  - nanopb (2.30906.0):
    - nanopb/decode (= 2.30906.0)
    - nanopb/encode (= 2.30906.0)
  - nanopb/decode (2.30906.0)
  - nanopb/encode (2.30906.0)
  - PromisesObjC (1.2.11)
  - SideMenu (6.5.0)

DEPENDENCIES:
  - DynamicCodable (= 1.0)
  - Firebase/Messaging
  - KakaoSDKAuth
  - KakaoSDKCommon
  - KakaoSDKLink
  - KakaoSDKTalk
  - KakaoSDKTemplate
  - KakaoSDKUser
  - SideMenu

SPEC REPOS:
  trunk:
    - Alamofire
    - DynamicCodable
    - Firebase
    - FirebaseCore
    - FirebaseCoreDiagnostics
    - FirebaseInstallations
    - FirebaseInstanceID
    - FirebaseMessaging
    - GoogleDataTransport
    - GoogleUtilities
    - KakaoSDKAuth
    - KakaoSDKCommon
    - KakaoSDKLink
    - KakaoSDKTalk
    - KakaoSDKTemplate
    - KakaoSDKUser
    - nanopb
    - PromisesObjC
    - SideMenu

SPEC CHECKSUMS:
  Alamofire: 3b6a534a3df22db367e4dedeeca73d1ddfcf0e2f
  DynamicCodable: 2cf558d057b3e6540552943254e1c9eeb706dde2
  Firebase: 26223c695fe322633274198cb19dca8cb7e54416
  FirebaseCore: 4d3c72622ce0e2106aaa07bb4b2935ba2c370972
  FirebaseCoreDiagnostics: d50e11039e5984d92c8a512be2395f13df747350
  FirebaseInstallations: 971df89b48ae5ee4cc2bf6935f3857a525d28550
  FirebaseInstanceID: 5ccdee6a84e6b4bb5316de0a8cd88bc749ba490d
  FirebaseMessaging: 68d1bcb14880189558a8ae57167abe0b7e417232
  GoogleDataTransport: 116c84c4bdeb76be2a7a46de51244368f9794eab
  GoogleUtilities: 3dc4ff0d5e4840e2fa8eef0889620e8c33d4218c
  KakaoSDKAuth: 3a88e4a110243f8c6b9948c5ec85670c7acaebf6
  KakaoSDKCommon: 070472d0638ea6b28684a23c195e47015349e51b
  KakaoSDKLink: a90a919c4b00dc85bbf21d91842961c105317317
  KakaoSDKTalk: 8cf6299b0eea7cf3139ab0f62b415fd054f83a29
  KakaoSDKTemplate: 330007aea0b46de1ed93e4cbddc7b4c3b59bdc25
  KakaoSDKUser: 7951e09f9e6de3908ae2d7f8486290c8607c217a
  nanopb: 1bf24dd71191072e120b83dd02d08f3da0d65e53
  PromisesObjC: 8c196f5a328c2cba3e74624585467a557dcb482f
  SideMenu: f583187d21c5b1dd04c72002be544b555a2627a2

PODFILE CHECKSUM: d8f8341897737dfacfebe5e619af8dd5eab4ce7f

COCOAPODS: 1.9.3
